// !$*UTF8*$!
{
	archiveVersion = 1;
	classes = {
	};
	objectVersion = 77;
	objects = {

/* Begin PBXBuildFile section */
		F98D1B822FE867C800353CC1 /* background.mp3 in Resources */ = {isa = PBXBuildFile; fileRef = F98D1B812FE867C800353CC1 /* background.mp3 */; };
		F99B5E0A2FD952670057004A /* ResultViewController.swift in Sources */ = {isa = PBXBuildFile; fileRef = F99B5E092FD952670057004A /* ResultViewController.swift */; };
/* End PBXBuildFile section */

/* Begin PBXContainerItemProxy section */
		F99B5DE52FD714C10057004A /* PBXContainerItemProxy */ = {
			isa = PBXContainerItemProxy;
			containerPortal = F99B5DC62FD714C00057004A /* Project object */;
			proxyType = 1;
			remoteGlobalIDString = F99B5DCD2FD714C00057004A;
			remoteInfo = "IOS-GAME";
		};
		F99B5DEF2FD714C10057004A /* PBXContainerItemProxy */ = {
			isa = PBXContainerItemProxy;
			containerPortal = F99B5DC62FD714C00057004A /* Project object */;
			proxyType = 1;
			remoteGlobalIDString = F99B5DCD2FD714C00057004A;
			remoteInfo = "IOS-GAME";
		};
/* End PBXContainerItemProxy section */

/* Begin PBXFileReference section */
		F98D1B812FE867C800353CC1 /* background.mp3 */ = {isa = PBXFileReference; lastKnownFileType = audio.mp3; path = background.mp3; sourceTree = "<group>"; };
		F99B5DCE2FD714C00057004A /* IOS-GAME.app */ = {isa = PBXFileReference; explicitFileType = wrapper.application; includeInIndex = 0; path = "IOS-GAME.app"; sourceTree = BUILT_PRODUCTS_DIR; };
		F99B5DE42FD714C10057004A /* IOS-GAMETests.xctest */ = {isa = PBXFileReference; explicitFileType = wrapper.cfbundle; includeInIndex = 0; path = "IOS-GAMETests.xctest"; sourceTree = BUILT_PRODUCTS_DIR; };
		F99B5DEE2FD714C10057004A /* IOS-GAMEUITests.xctest */ = {isa = PBXFileReference; explicitFileType = wrapper.cfbundle; includeInIndex = 0; path = "IOS-GAMEUITests.xctest"; sourceTree = BUILT_PRODUCTS_DIR; };
		F99B5E092FD952670057004A /* ResultViewController.swift */ = {isa = PBXFileReference; lastKnownFileType = sourcecode.swift; path = ResultViewController.swift; sourceTree = "<group>"; };
/* End PBXFileReference section */

/* Begin PBXFileSystemSynchronizedBuildFileExceptionSet section */
		F99B5DF62FD714C10057004A /* Exceptions for "IOS-GAME" folder in "IOS-GAME" target */ = {
			isa = PBXFileSystemSynchronizedBuildFileExceptionSet;
			assetTagsByRelativePath = {
				"/Localized: Main.storyboard" = (1, 2, 3, 4, 5, 6, 7, );
			};
			membershipExceptions = (
				Info.plist,
			);
			target = F99B5DCD2FD714C00057004A /* IOS-GAME */;
		};
/* End PBXFileSystemSynchronizedBuildFileExceptionSet section */

/* Begin PBXFileSystemSynchronizedRootGroup section */
		F99B5DD02FD714C00057004A /* IOS-GAME */ = {
			isa = PBXFileSystemSynchronizedRootGroup;
			exceptions = (
				F99B5DF62FD714C10057004A /* Exceptions for "IOS-GAME" folder in "IOS-GAME" target */,
			);
			path = "IOS-GAME";
			sourceTree = "<group>";
		};
		F99B5DE72FD714C10057004A /* IOS-GAMETests */ = {
			isa = PBXFileSystemSynchronizedRootGroup;
			path = "IOS-GAMETests";
			sourceTree = "<group>";
		};
		F99B5DF12FD714C10057004A /* IOS-GAMEUITests */ = {
			isa = PBXFileSystemSynchronizedRootGroup;
			path = "IOS-GAMEUITests";
			sourceTree = "<group>";
		};
/* End PBXFileSystemSynchronizedRootGroup section */

/* Begin PBXFrameworksBuildPhase section */
		F99B5DCB2FD714C00057004A /* Frameworks */ = {
			isa = PBXFrameworksBuildPhase;
			buildActionMask = 2147483647;
			files = (
			);
			runOnlyForDeploymentPostprocessing = 0;
		};
		F99B5DE12FD714C10057004A /* Frameworks */ = {
			isa = PBXFrameworksBuildPhase;
			buildActionMask = 2147483647;
			files = (
			);
			runOnlyForDeploymentPostprocessing = 0;
		};
		F99B5DEB2FD714C10057004A /* Frameworks */ = {
			isa = PBXFrameworksBuildPhase;
			buildActionMask = 2147483647;
			files = (
			);
			runOnlyForDeploymentPostprocessing = 0;
		};
/* End PBXFrameworksBuildPhase section */

/* Begin PBXGroup section */
		F99B5DC52FD714C00057004A = {
			isa = PBXGroup;
			children = (
				F99B5E092FD952670057004A /* ResultViewController.swift */,
				F99B5DD02FD714C00057004A /* IOS-GAME */,
				F99B5DE72FD714C10057004A /* IOS-GAMETests */,
				F99B5DF12FD714C10057004A /* IOS-GAMEUITests */,
				F99B5DCF2FD714C00057004A /* Products */,
				F98D1B812FE867C800353CC1 /* background.mp3 */,
			);
			sourceTree = "<group>";
		};
		F99B5DCF2FD714C00057004A /* Products */ = {
			isa = PBXGroup;
			children = (
				F99B5DCE2FD714C00057004A /* IOS-GAME.app */,
				F99B5DE42FD714C10057004A /* IOS-GAMETests.xctest */,
				F99B5DEE2FD714C10057004A /* IOS-GAMEUITests.xctest */,
			);
			name = Products;
			sourceTree = "<group>";
		};
/* End PBXGroup section */

/* Begin PBXNativeTarget section */
		F99B5DCD2FD714C00057004A /* IOS-GAME */ = {
			isa = PBXNativeTarget;
			buildConfigurationList = F99B5DF72FD714C10057004A /* Build configuration list for PBXNativeTarget "IOS-GAME" */;
			buildPhases = (
				F99B5DCA2FD714C00057004A /* Sources */,
				F99B5DCB2FD714C00057004A /* Frameworks */,
				F99B5DCC2FD714C00057004A /* Resources */,
			);
			buildRules = (
			);
			dependencies = (
			);
			fileSystemSynchronizedGroups = (
				F99B5DD02FD714C00057004A /* IOS-GAME */,
			);
			name = "IOS-GAME";
			packageProductDependencies = (
			);
			productName = "IOS-GAME";
			productReference = F99B5DCE2FD714C00057004A /* IOS-GAME.app */;
			productType = "com.apple.product-type.application";
		};
		F99B5DE32FD714C10057004A /* IOS-GAMETests */ = {
			isa = PBXNativeTarget;
			buildConfigurationList = F99B5DFC2FD714C10057004A /* Build configuration list for PBXNativeTarget "IOS-GAMETests" */;
			buildPhases = (
				F99B5DE02FD714C10057004A /* Sources */,
				F99B5DE12FD714C10057004A /* Frameworks */,
				F99B5DE22FD714C10057004A /* Resources */,
			);
			buildRules = (
			);
			dependencies = (
				F99B5DE62FD714C10057004A /* PBXTargetDependency */,
			);
			fileSystemSynchronizedGroups = (
				F99B5DE72FD714C10057004A /* IOS-GAMETests */,
			);
			name = "IOS-GAMETests";
			packageProductDependencies = (
			);
			productName = "IOS-GAMETests";
			productReference = F99B5DE42FD714C10057004A /* IOS-GAMETests.xctest */;
			productType = "com.apple.product-type.bundle.unit-test";
		};
		F99B5DED2FD714C10057004A /* IOS-GAMEUITests */ = {
			isa = PBXNativeTarget;
			buildConfigurationList = F99B5DFF2FD714C10057004A /* Build configuration list for PBXNativeTarget "IOS-GAMEUITests" */;
			buildPhases = (
				F99B5DEA2FD714C10057004A /* Sources */,
				F99B5DEB2FD714C10057004A /* Frameworks */,
				F99B5DEC2FD714C10057004A /* Resources */,
			);
			buildRules = (
			);
			dependencies = (
				F99B5DF02FD714C10057004A /* PBXTargetDependency */,
			);
			fileSystemSynchronizedGroups = (
				F99B5DF12FD714C10057004A /* IOS-GAMEUITests */,
			);
			name = "IOS-GAMEUITests";
			packageProductDependencies = (
			);
			productName = "IOS-GAMEUITests";
			productReference = F99B5DEE2FD714C10057004A /* IOS-GAMEUITests.xctest */;
			productType = "com.apple.product-type.bundle.ui-testing";
		};
/* End PBXNativeTarget section */

/* Begin PBXProject section */
		F99B5DC62FD714C00057004A /* Project object */ = {
			isa = PBXProject;
			attributes = {
				BuildIndependentTargetsInParallel = 1;
				KnownAssetTags = (
					1,
					2,
					3,
					4,
					5,
					6,
					7,
				);
				LastSwiftUpdateCheck = 1620;
				LastUpgradeCheck = 1620;
				TargetAttributes = {
					F99B5DCD2FD714C00057004A = {
						CreatedOnToolsVersion = 16.2;
					};
					F99B5DE32FD714C10057004A = {
						CreatedOnToolsVersion = 16.2;
						TestTargetID = F99B5DCD2FD714C00057004A;
					};
					F99B5DED2FD714C10057004A = {
						CreatedOnToolsVersion = 16.2;
						TestTargetID = F99B5DCD2FD714C00057004A;
					};
				};
			};
			buildConfigurationList = F99B5DC92FD714C00057004A /* Build configuration list for PBXProject "IOS-GAME" */;
			developmentRegion = en;
			hasScannedForEncodings = 0;
			knownRegions = (
				en,
				Base,
			);
			mainGroup = F99B5DC52FD714C00057004A;
			minimizedProjectReferenceProxies = 1;
			preferredProjectObjectVersion = 77;
			productRefGroup = F99B5DCF2FD714C00057004A /* Products */;
			projectDirPath = "";
			projectRoot = "";
			targets = (
				F99B5DCD2FD714C00057004A /* IOS-GAME */,
				F99B5DE32FD714C10057004A /* IOS-GAMETests */,
				F99B5DED2FD714C10057004A /* IOS-GAMEUITests */,
			);
		};
/* End PBXProject section */

/* Begin PBXResourcesBuildPhase section */
		F99B5DCC2FD714C00057004A /* Resources */ = {
			isa = PBXResourcesBuildPhase;
			buildActionMask = 2147483647;
			files = (
				F98D1B822FE867C800353CC1 /* background.mp3 in Resources */,
			);
			runOnlyForDeploymentPostprocessing = 0;
		};
		F99B5DE22FD714C10057004A /* Resources */ = {
			isa = PBXResourcesBuildPhase;
			buildActionMask = 2147483647;
			files = (
			);
			runOnlyForDeploymentPostprocessing = 0;
		};
		F99B5DEC2FD714C10057004A /* Resources */ = {
			isa = PBXResourcesBuildPhase;
			buildActionMask = 2147483647;
			files = (
			);
			runOnlyForDeploymentPostprocessing = 0;
		};
/* End PBXResourcesBuildPhase section */

/* Begin PBXSourcesBuildPhase section */
		F99B5DCA2FD714C00057004A /* Sources */ = {
			isa = PBXSourcesBuildPhase;
			buildActionMask = 2147483647;
			files = (
				F99B5E0A2FD952670057004A /* ResultViewController.swift in Sources */,
			);
			runOnlyForDeploymentPostprocessing = 0;
		};
		F99B5DE02FD714C10057004A /* Sources */ = {
			isa = PBXSourcesBuildPhase;
			buildActionMask = 2147483647;
			files = (
			);
			runOnlyForDeploymentPostprocessing = 0;
		};
		F99B5DEA2FD714C10057004A /* Sources */ = {
			isa = PBXSourcesBuildPhase;
			buildActionMask = 2147483647;
			files = (
			);
			runOnlyForDeploymentPostprocessing = 0;
		};
/* End PBXSourcesBuildPhase section */

/* Begin PBXTargetDependency section */
		F99B5DE62FD714C10057004A /* PBXTargetDependency */ = {
			isa = PBXTargetDependency;
			target = F99B5DCD2FD714C00057004A /* IOS-GAME */;
			targetProxy = F99B5DE52FD714C10057004A /* PBXContainerItemProxy */;
		};
		F99B5DF02FD714C10057004A /* PBXTargetDependency */ = {
			isa = PBXTargetDependency;
			target = F99B5DCD2FD714C00057004A /* IOS-GAME */;
			targetProxy = F99B5DEF2FD714C10057004A /* PBXContainerItemProxy */;
		};
/* End PBXTargetDependency section */

/* Begin XCBuildConfiguration section */
		F99B5DF82FD714C10057004A /* Debug */ = {
			isa = XCBuildConfiguration;
			buildSettings = {
				ASSETCATALOG_COMPILER_APPICON_NAME = AppIcon;
				ASSETCATALOG_COMPILER_GLOBAL_ACCENT_COLOR_NAME = AccentColor;
				CODE_SIGN_STYLE = Automatic;
				CURRENT_PROJECT_VERSION = 1;
				GENERATE_INFOPLIST_FILE = YES;
				INFOPLIST_FILE = "IOS-GAME/Info.plist";
				INFOPLIST_KEY_NSLocationWhenInUseUsageDescription = "Need location for the game";
				INFOPLIST_KEY_UIApplicationSupportsIndirectInputEvents = YES;
				INFOPLIST_KEY_UILaunchStoryboardName = LaunchScreen;
				INFOPLIST_KEY_UIMainStoryboardFile = Main;
				INFOPLIST_KEY_UISupportedInterfaceOrientations_iPad = "UIInterfaceOrientationPortrait UIInterfaceOrientationPortraitUpsideDown UIInterfaceOrientationLandscapeLeft UIInterfaceOrientationLandscapeRight";
				INFOPLIST_KEY_UISupportedInterfaceOrientations_iPhone = "UIInterfaceOrientationPortrait UIInterfaceOrientationLandscapeLeft UIInterfaceOrientationLandscapeRight";
				LD_RUNPATH_SEARCH_PATHS = (
					"$(inherited)",
					"@executable_path/Frameworks",
				);
				MARKETING_VERSION = 1.0;
				PRODUCT_BUNDLE_IDENTIFIER = "com.mayshabat.IOS-GAME";
				PRODUCT_NAME = "$(TARGET_NAME)";
				SWIFT_EMIT_LOC_STRINGS = YES;
				SWIFT_VERSION = 5.0;
				TARGETED_DEVICE_FAMILY = "1,2";
			};
			name = Debug;
		};
		F99B5DF92FD714C10057004A /* Release */ = {
			isa = XCBuildConfiguration;
			buildSettings = {
				ASSETCATALOG_COMPILER_APPICON_NAME = AppIcon;
				ASSETCATALOG_COMPILER_GLOBAL_ACCENT_COLOR_NAME = AccentColor;
				CODE_SIGN_STYLE = Automatic;
				CURRENT_PROJECT_VERSION = 1;
				GENERATE_INFOPLIST_FILE = YES;
				INFOPLIST_FILE = "IOS-GAME/Info.plist";
				INFOPLIST_KEY_NSLocationWhenInUseUsageDescription = "Need location for the game";
				INFOPLIST_KEY_UIApplicationSupportsIndirectInputEvents = YES;
				INFOPLIST_KEY_UILaunchStoryboardName = LaunchScreen;
				INFOPLIST_KEY_UIMainStoryboardFile = Main;
				INFOPLIST_KEY_UISupportedInterfaceOrientations_iPad = "UIInterfaceOrientationPortrait UIInterfaceOrientationPortraitUpsideDown UIInterfaceOrientationLandscapeLeft UIInterfaceOrientationLandscapeRight";
				INFOPLIST_KEY_UISupportedInterfaceOrientations_iPhone = "UIInterfaceOrientationPortrait UIInterfaceOrientationLandscapeLeft UIInterfaceOrientationLandscapeRight";
				LD_RUNPATH_SEARCH_PATHS = (
					"$(inherited)",
					"@executable_path/Frameworks",
				);
				MARKETING_VERSION = 1.0;
				PRODUCT_BUNDLE_IDENTIFIER = "com.mayshabat.IOS-GAME";
				PRODUCT_NAME = "$(TARGET_NAME)";
				SWIFT_EMIT_LOC_STRINGS = YES;
				SWIFT_VERSION = 5.0;
				TARGETED_DEVICE_FAMILY = "1,2";
			};
			name = Release;
		};
		F99B5DFA2FD714C10057004A /* Debug */ = {
			isa = XCBuildConfiguration;
			buildSettings = {
				ALWAYS_SEARCH_USER_PATHS = NO;
				ASSETCATALOG_COMPILER_GENERATE_SWIFT_ASSET_SYMBOL_EXTENSIONS = YES;
				CLANG_ANALYZER_NONNULL = YES;
				CLANG_ANALYZER_NUMBER_OBJECT_CONVERSION = YES_AGGRESSIVE;
				CLANG_CXX_LANGUAGE_STANDARD = "gnu++20";
				CLANG_ENABLE_MODULES = YES;
				CLANG_ENABLE_OBJC_ARC = YES;
				CLANG_ENABLE_OBJC_WEAK = YES;
				CLANG_WARN_BLOCK_CAPTURE_AUTORELEASING = YES;
				CLANG_WARN_BOOL_CONVERSION = YES;
				CLANG_WARN_COMMA = YES;
				CLANG_WARN_CONSTANT_CONVERSION = YES;
				CLANG_WARN_DEPRECATED_OBJC_IMPLEMENTATIONS = YES;
				CLANG_WARN_DIRECT_OBJC_ISA_USAGE = YES_ERROR;
				CLANG_WARN_DOCUMENTATION_COMMENTS = YES;
				CLANG_WARN_EMPTY_BODY = YES;
				CLANG_WARN_ENUM_CONVERSION = YES;
				CLANG_WARN_INFINITE_RECURSION = YES;
				CLANG_WARN_INT_CONVERSION = YES;
				CLANG_WARN_NON_LITERAL_NULL_CONVERSION = YES;
				CLANG_WARN_OBJC_IMPLICIT_RETAIN_SELF = YES;
				CLANG_WARN_OBJC_LITERAL_CONVERSION = YES;
				CLANG_WARN_OBJC_ROOT_CLASS = YES_ERROR;
				CLANG_WARN_QUOTED_INCLUDE_IN_FRAMEWORK_HEADER = YES;
				CLANG_WARN_RANGE_LOOP_ANALYSIS = YES;
				CLANG_WARN_STRICT_PROTOTYPES = YES;
				CLANG_WARN_SUSPICIOUS_MOVE = YES;
				CLANG_WARN_UNGUARDED_AVAILABILITY = YES_AGGRESSIVE;
				CLANG_WARN_UNREACHABLE_CODE = YES;
				CLANG_WARN__DUPLICATE_METHOD_MATCH = YES;
				COPY_PHASE_STRIP = NO;
				DEBUG_INFORMATION_FORMAT = dwarf;
				ENABLE_STRICT_OBJC_MSGSEND = YES;
				ENABLE_TESTABILITY = YES;
				ENABLE_USER_SCRIPT_SANDBOXING = YES;
				GCC_C_LANGUAGE_STANDARD = gnu17;
				GCC_DYNAMIC_NO_PIC = NO;
				GCC_NO_COMMON_BLOCKS = YES;
				GCC_OPTIMIZATION_LEVEL = 0;
				GCC_PREPROCESSOR_DEFINITIONS = (
					"DEBUG=1",
					"$(inherited)",
				);
				GCC_WARN_64_TO_32_BIT_CONVERSION = YES;
				GCC_WARN_ABOUT_RETURN_TYPE = YES_ERROR;
				GCC_WARN_UNDECLARED_SELECTOR = YES;
				GCC_WARN_UNINITIALIZED_AUTOS = YES_AGGRESSIVE;
				GCC_WARN_UNUSED_FUNCTION = YES;
				GCC_WARN_UNUSED_VARIABLE = YES;
				IPHONEOS_DEPLOYMENT_TARGET = 18.2;
				LOCALIZATION_PREFERS_STRING_CATALOGS = YES;
				MTL_ENABLE_DEBUG_INFO = INCLUDE_SOURCE;
				MTL_FAST_MATH = YES;
				ONLY_ACTIVE_ARCH = YES;
				SDKROOT = iphoneos;
				SWIFT_ACTIVE_COMPILATION_CONDITIONS = "DEBUG $(inherited)";
				SWIFT_OPTIMIZATION_LEVEL = "-Onone";
			};
			name = Debug;
		};
		F99B5DFB2FD714C10057004A /* Release */ = {
			isa = XCBuildConfiguration;
			buildSettings = {
				ALWAYS_SEARCH_USER_PATHS = NO;
				ASSETCATALOG_COMPILER_GENERATE_SWIFT_ASSET_SYMBOL_EXTENSIONS = YES;
				CLANG_ANALYZER_NONNULL = YES;
				CLANG_ANALYZER_NUMBER_OBJECT_CONVERSION = YES_AGGRESSIVE;
				CLANG_CXX_LANGUAGE_STANDARD = "gnu++20";
				CLANG_ENABLE_MODULES = YES;
				CLANG_ENABLE_OBJC_ARC = YES;
				CLANG_ENABLE_OBJC_WEAK = YES;
				CLANG_WARN_BLOCK_CAPTURE_AUTORELEASING = YES;
				CLANG_WARN_BOOL_CONVERSION = YES;
				CLANG_WARN_COMMA = YES;
				CLANG_WARN_CONSTANT_CONVERSION = YES;
				CLANG_WARN_DEPRECATED_OBJC_IMPLEMENTATIONS = YES;
				CLANG_WARN_DIRECT_OBJC_ISA_USAGE = YES_ERROR;
				CLANG_WARN_DOCUMENTATION_COMMENTS = YES;
				CLANG_WARN_EMPTY_BODY = YES;
				CLANG_WARN_ENUM_CONVERSION = YES;
				CLANG_WARN_INFINITE_RECURSION = YES;
				CLANG_WARN_INT_CONVERSION = YES;
				CLANG_WARN_NON_LITERAL_NULL_CONVERSION = YES;
				CLANG_WARN_OBJC_IMPLICIT_RETAIN_SELF = YES;
				CLANG_WARN_OBJC_LITERAL_CONVERSION = YES;
				CLANG_WARN_OBJC_ROOT_CLASS = YES_ERROR;
				CLANG_WARN_QUOTED_INCLUDE_IN_FRAMEWORK_HEADER = YES;
				CLANG_WARN_RANGE_LOOP_ANALYSIS = YES;
				CLANG_WARN_STRICT_PROTOTYPES = YES;
				CLANG_WARN_SUSPICIOUS_MOVE = YES;
				CLANG_WARN_UNGUARDED_AVAILABILITY = YES_AGGRESSIVE;
				CLANG_WARN_UNREACHABLE_CODE = YES;
				CLANG_WARN__DUPLICATE_METHOD_MATCH = YES;
				COPY_PHASE_STRIP = NO;
				DEBUG_INFORMATION_FORMAT = "dwarf-with-dsym";
				ENABLE_NS_ASSERTIONS = NO;
				ENABLE_STRICT_OBJC_MSGSEND = YES;
				ENABLE_USER_SCRIPT_SANDBOXING = YES;
				GCC_C_LANGUAGE_STANDARD = gnu17;
				GCC_NO_COMMON_BLOCKS = YES;
				GCC_WARN_64_TO_32_BIT_CONVERSION = YES;
				GCC_WARN_ABOUT_RETURN_TYPE = YES_ERROR;
				GCC_WARN_UNDECLARED_SELECTOR = YES;
				GCC_WARN_UNINITIALIZED_AUTOS = YES_AGGRESSIVE;
				GCC_WARN_UNUSED_FUNCTION = YES;
				GCC_WARN_UNUSED_VARIABLE = YES;
				IPHONEOS_DEPLOYMENT_TARGET = 18.2;
				LOCALIZATION_PREFERS_STRING_CATALOGS = YES;
				MTL_ENABLE_DEBUG_INFO = NO;
				MTL_FAST_MATH = YES;
				SDKROOT = iphoneos;
				SWIFT_COMPILATION_MODE = wholemodule;
				VALIDATE_PRODUCT = YES;
			};
			name = Release;
		};
		F99B5DFD2FD714C10057004A /* Debug */ = {
			isa = XCBuildConfiguration;
			buildSettings = {
				BUNDLE_LOADER = "$(TEST_HOST)";
				CODE_SIGN_STYLE = Automatic;
				CURRENT_PROJECT_VERSION = 1;
				GENERATE_INFOPLIST_FILE = YES;
				IPHONEOS_DEPLOYMENT_TARGET = 18.2;
				MARKETING_VERSION = 1.0;
				PRODUCT_BUNDLE_IDENTIFIER = "com.mayshabat.IOS-GAMETests";
				PRODUCT_NAME = "$(TARGET_NAME)";
				SWIFT_EMIT_LOC_STRINGS = NO;
				SWIFT_VERSION = 5.0;
				TARGETED_DEVICE_FAMILY = "1,2";
				TEST_HOST = "$(BUILT_PRODUCTS_DIR)/IOS-GAME.app/$(BUNDLE_EXECUTABLE_FOLDER_PATH)/IOS-GAME";
			};
			name = Debug;
		};
		F99B5DFE2FD714C10057004A /* Release */ = {
			isa = XCBuildConfiguration;
			buildSettings = {
				BUNDLE_LOADER = "$(TEST_HOST)";
				CODE_SIGN_STYLE = Automatic;
				CURRENT_PROJECT_VERSION = 1;
				GENERATE_INFOPLIST_FILE = YES;
				IPHONEOS_DEPLOYMENT_TARGET = 18.2;
				MARKETING_VERSION = 1.0;
				PRODUCT_BUNDLE_IDENTIFIER = "com.mayshabat.IOS-GAMETests";
				PRODUCT_NAME = "$(TARGET_NAME)";
				SWIFT_EMIT_LOC_STRINGS = NO;
				SWIFT_VERSION = 5.0;
				TARGETED_DEVICE_FAMILY = "1,2";
				TEST_HOST = "$(BUILT_PRODUCTS_DIR)/IOS-GAME.app/$(BUNDLE_EXECUTABLE_FOLDER_PATH)/IOS-GAME";
			};
			name = Release;
		};
		F99B5E002FD714C10057004A /* Debug */ = {
			isa = XCBuildConfiguration;
			buildSettings = {
				CODE_SIGN_STYLE = Automatic;
				CURRENT_PROJECT_VERSION = 1;
				GENERATE_INFOPLIST_FILE = YES;
				MARKETING_VERSION = 1.0;
				PRODUCT_BUNDLE_IDENTIFIER = "com.mayshabat.IOS-GAMEUITests";
				PRODUCT_NAME = "$(TARGET_NAME)";
				SWIFT_EMIT_LOC_STRINGS = NO;
				SWIFT_VERSION = 5.0;
				TARGETED_DEVICE_FAMILY = "1,2";
				TEST_TARGET_NAME = "IOS-GAME";
			};
			name = Debug;
		};
		F99B5E012FD714C10057004A /* Release */ = {
			isa = XCBuildConfiguration;
			buildSettings = {
				CODE_SIGN_STYLE = Automatic;
				CURRENT_PROJECT_VERSION = 1;
				GENERATE_INFOPLIST_FILE = YES;
				MARKETING_VERSION = 1.0;
				PRODUCT_BUNDLE_IDENTIFIER = "com.mayshabat.IOS-GAMEUITests";
				PRODUCT_NAME = "$(TARGET_NAME)";
				SWIFT_EMIT_LOC_STRINGS = NO;
				SWIFT_VERSION = 5.0;
				TARGETED_DEVICE_FAMILY = "1,2";
				TEST_TARGET_NAME = "IOS-GAME";
			};
			name = Release;
		};
/* End XCBuildConfiguration section */

/* Begin XCConfigurationList section */
		F99B5DC92FD714C00057004A /* Build configuration list for PBXProject "IOS-GAME" */ = {
			isa = XCConfigurationList;
			buildConfigurations = (
				F99B5DFA2FD714C10057004A /* Debug */,
				F99B5DFB2FD714C10057004A /* Release */,
			);
			defaultConfigurationIsVisible = 0;
			defaultConfigurationName = Release;
		};
		F99B5DF72FD714C10057004A /* Build configuration list for PBXNativeTarget "IOS-GAME" */ = {
			isa = XCConfigurationList;
			buildConfigurations = (
				F99B5DF82FD714C10057004A /* Debug */,
				F99B5DF92FD714C10057004A /* Release */,
			);
			defaultConfigurationIsVisible = 0;
			defaultConfigurationName = Release;
		};
		F99B5DFC2FD714C10057004A /* Build configuration list for PBXNativeTarget "IOS-GAMETests" */ = {
			isa = XCConfigurationList;
			buildConfigurations = (
				F99B5DFD2FD714C10057004A /* Debug */,
				F99B5DFE2FD714C10057004A /* Release */,
			);
			defaultConfigurationIsVisible = 0;
			defaultConfigurationName = Release;
		};
		F99B5DFF2FD714C10057004A /* Build configuration list for PBXNativeTarget "IOS-GAMEUITests" */ = {
			isa = XCConfigurationList;
			buildConfigurations = (
				F99B5E002FD714C10057004A /* Debug */,
				F99B5E012FD714C10057004A /* Release */,
			);
			defaultConfigurationIsVisible = 0;
			defaultConfigurationName = Release;
		};
/* End XCConfigurationList section */
	};
	rootObject = F99B5DC62FD714C00057004A /* Project object */;
}
